{
  "version": 4,
  "terraform_version": "1.12.2",
  "serial": 7,
  "lineage": "ba694fa6-141c-3d48-409c-a11ce377bf88",
  "outputs": {},
  "resources": [
    {
      "module": "module.key_vault",
      "mode": "data",
      "type": "azurerm_client_config",
      "name": "current",
      "provider": "provider[\"registry.terraform.io/hashicorp/azurerm\"]",
      "instances": [
        {
          "schema_version": 0,
          "attributes": {
            "client_id": "04b07795-8ddb-461a-bbee-02f9e1bf7b46",
            "id": "Y2xpZW50Q29uZmlncy9jbGllbnRJZD0wNGIwNzc5NS04ZGRiLTQ2MWEtYmJlZS0wMmY5ZTFiZjdiNDY7b2JqZWN0SWQ9NzU3NGRkYjQtYTA3Ni00OTlkLThjZTEtNmU1NjZiZWM3ZTgwO3N1YnNjcmlwdGlvbklkPTYzNWU5Mjg2LTE0ZDEtNDM1Zi1iN2UxLWFmMWViZjY4OWY0ZTt0ZW5hbnRJZD01NzQ2NGZhMC0wNWE0LTQ4NTUtYTlhZi1lNWJlNjExYjg1NTM=",
            "object_id": "7574ddb4-a076-499d-8ce1-6e566bec7e80",
            "subscription_id": "635e9286-14d1-435f-b7e1-af1ebf689f4e",
            "tenant_id": "57464fa0-05a4-4855-a9af-e5be611b8553",
            "timeouts": null
          },
          "sensitive_attributes": [],
          "identity_schema_version": 0
        }
      ]
    },
    {
      "module": "module.network",
      "mode": "managed",
      "type": "azurerm_virtual_network",
      "name": "virtual_networks",
      "provider": "provider[\"registry.terraform.io/hashicorp/azurerm\"]",
      "instances": [
        {
          "index_key": "vnet1",
          "schema_version": 0,
          "attributes": {
            "address_space": [
              "10.0.0.0/16"
            ],
            "bgp_community": "",
            "ddos_protection_plan": [],
            "dns_servers": [],
            "edge_zone": "",
            "encryption": [],
            "flow_timeout_in_minutes": 0,
            "guid": "43cff8ef-4e33-4d89-a28e-77d2e20c423d",
            "id": "/subscriptions/635e9286-14d1-435f-b7e1-af1ebf689f4e/resourceGroups/rg-pilu-dev-todoapp-01/providers/Microsoft.Network/virtualNetworks/vnet-pilu-dev-todoapp-01",
            "ip_address_pool": [],
            "location": "centralindia",
            "name": "vnet-pilu-dev-todoapp-01",
            "private_endpoint_vnet_policies": "Disabled",
            "resource_group_name": "rg-pilu-dev-todoapp-01",
            "subnet": [
              {
                "address_prefixes": [
                  "10.0.1.0/24"
                ],
                "default_outbound_access_enabled": true,
                "delegation": [],
                "id": "/subscriptions/635e9286-14d1-435f-b7e1-af1ebf689f4e/resourceGroups/rg-pilu-dev-todoapp-01/providers/Microsoft.Network/virtualNetworks/vnet-pilu-dev-todoapp-01/subnets/frontend-subnet",
                "name": "frontend-subnet",
                "private_endpoint_network_policies": "Disabled",
                "private_link_service_network_policies_enabled": true,
                "route_table_id": "",
                "security_group": "",
                "service_endpoint_policy_ids": [],
                "service_endpoints": []
              },
              {
                "address_prefixes": [
                  "10.0.2.0/24"
                ],
                "default_outbound_access_enabled": true,
                "delegation": [],
                "id": "/subscriptions/635e9286-14d1-435f-b7e1-af1ebf689f4e/resourceGroups/rg-pilu-dev-todoapp-01/providers/Microsoft.Network/virtualNetworks/vnet-pilu-dev-todoapp-01/subnets/backend-subnet",
                "name": "backend-subnet",
                "private_endpoint_network_policies": "Disabled",
                "private_link_service_network_policies_enabled": true,
                "route_table_id": "",
                "security_group": "",
                "service_endpoint_policy_ids": [],
                "service_endpoints": []
              }
            ],
            "tags": {
              "environment": "dev"
            },
            "timeouts": null
          },
          "sensitive_attributes": [],
          "identity_schema_version": 0,
          "identity": {
            "name": "vnet-pilu-dev-todoapp-01",
            "resource_group_name": "rg-pilu-dev-todoapp-01",
            "subscription_id": "635e9286-14d1-435f-b7e1-af1ebf689f4e"
          },
          "private": "eyJlMmJmYjczMC1lY2FhLTExZTYtOGY4OC0zNDM2M2JjN2M0YzAiOnsiY3JlYXRlIjoxODAwMDAwMDAwMDAwLCJkZWxldGUiOjE4MDAwMDAwMDAwMDAsInJlYWQiOjMwMDAwMDAwMDAwMCwidXBkYXRlIjoxODAwMDAwMDAwMDAwfX0="
        }
      ]
    },
    {
      "module": "module.public_ip",
      "mode": "managed",
      "type": "azurerm_public_ip",
      "name": "pip",
      "provider": "provider[\"registry.terraform.io/hashicorp/azurerm\"]",
      "instances": [
        {
          "index_key": "app1",
          "schema_version": 0,
          "attributes": {
            "allocation_method": "Static",
            "ddos_protection_mode": "VirtualNetworkInherited",
            "ddos_protection_plan_id": null,
            "domain_name_label": null,
            "domain_name_label_scope": null,
            "edge_zone": "",
            "fqdn": null,
            "id": "/subscriptions/635e9286-14d1-435f-b7e1-af1ebf689f4e/resourceGroups/rg-pilu-dev-todoapp-01/providers/Microsoft.Network/publicIPAddresses/pip-pilu-dev-todoapp-01",
            "idle_timeout_in_minutes": 4,
            "ip_address": "4.213.176.218",
            "ip_tags": null,
            "ip_version": "IPv4",
            "location": "centralindia",
            "name": "pip-pilu-dev-todoapp-01",
            "public_ip_prefix_id": null,
            "resource_group_name": "rg-pilu-dev-todoapp-01",
            "reverse_fqdn": null,
            "sku": "Standard",
            "sku_tier": "Regional",
            "tags": {
              "app": "frontend",
              "env": "prod",
              "environment": "prod",
              "managed_by": "terraform"
            },
            "timeouts": null,
            "zones": null
          },
          "sensitive_attributes": [],
          "identity_schema_version": 0,
          "private": "eyJlMmJmYjczMC1lY2FhLTExZTYtOGY4OC0zNDM2M2JjN2M0YzAiOnsiY3JlYXRlIjoxODAwMDAwMDAwMDAwLCJkZWxldGUiOjE4MDAwMDAwMDAwMDAsInJlYWQiOjMwMDAwMDAwMDAwMCwidXBkYXRlIjoxODAwMDAwMDAwMDAwfX0=",
          "create_before_destroy": true
        },
        {
          "index_key": "app2",
          "schema_version": 0,
          "attributes": {
            "allocation_method": "Static",
            "ddos_protection_mode": "VirtualNetworkInherited",
            "ddos_protection_plan_id": null,
            "domain_name_label": null,
            "domain_name_label_scope": null,
            "edge_zone": "",
            "fqdn": null,
            "id": "/subscriptions/635e9286-14d1-435f-b7e1-af1ebf689f4e/resourceGroups/rg-pilu-dev-todoapp-01/providers/Microsoft.Network/publicIPAddresses/pip-pilu-dev-todoapp-02",
            "idle_timeout_in_minutes": 4,
            "ip_address": "74.225.179.132",
            "ip_tags": null,
            "ip_version": "IPv4",
            "location": "centralindia",
            "name": "pip-pilu-dev-todoapp-02",
            "public_ip_prefix_id": null,
            "resource_group_name": "rg-pilu-dev-todoapp-01",
            "reverse_fqdn": null,
            "sku": "Standard",
            "sku_tier": "Regional",
            "tags": {
              "app": "frontend",
              "env": "prod",
              "environment": "prod",
              "managed_by": "terraform"
            },
            "timeouts": null,
            "zones": null
          },
          "sensitive_attributes": [],
          "identity_schema_version": 0,
          "private": "eyJlMmJmYjczMC1lY2FhLTExZTYtOGY4OC0zNDM2M2JjN2M0YzAiOnsiY3JlYXRlIjoxODAwMDAwMDAwMDAwLCJkZWxldGUiOjE4MDAwMDAwMDAwMDAsInJlYWQiOjMwMDAwMDAwMDAwMCwidXBkYXRlIjoxODAwMDAwMDAwMDAwfX0=",
          "create_before_destroy": true
        }
      ]
    },
    {
      "module": "module.resource_group",
      "mode": "managed",
      "type": "azurerm_resource_group",
      "name": "rgs",
      "provider": "provider[\"registry.terraform.io/hashicorp/azurerm\"]",
      "instances": [
        {
          "index_key": "rg1",
          "schema_version": 0,
          "attributes": {
            "id": "/subscriptions/635e9286-14d1-435f-b7e1-af1ebf689f4e/resourceGroups/rg-pilu-dev-todoapp-01",
            "location": "centralindia",
            "managed_by": "Terraform",
            "name": "rg-pilu-dev-todoapp-01",
            "tags": {
              "env": "dev"
            },
            "timeouts": null
          },
          "sensitive_attributes": [],
          "identity_schema_version": 0,
          "private": "eyJlMmJmYjczMC1lY2FhLTExZTYtOGY4OC0zNDM2M2JjN2M0YzAiOnsiY3JlYXRlIjo1NDAwMDAwMDAwMDAwLCJkZWxldGUiOjU0MDAwMDAwMDAwMDAsInJlYWQiOjMwMDAwMDAwMDAwMCwidXBkYXRlIjo1NDAwMDAwMDAwMDAwfX0="
        }
      ]
    }
  ],
  "check_results": null
}
